PODS:
  - Flutter (1.0.0)
  - get_photos_from_device (0.0.1):
    - Flutter
  - image_picker_ios (0.0.1):
    - Flutter
  - integration_test (0.0.1):
    - Flutter

DEPENDENCIES:
  - Flutter (from `Flutter`)
  - get_photos_from_device (from `.symlinks/plugins/get_photos_from_device/ios`)
  - image_picker_ios (from `.symlinks/plugins/image_picker_ios/ios`)
  - integration_test (from `.symlinks/plugins/integration_test/ios`)

EXTERNAL SOURCES:
  Flutter:
    :path: Flutter
  get_photos_from_device:
    :path: ".symlinks/plugins/get_photos_from_device/ios"
  image_picker_ios:
    :path: ".symlinks/plugins/image_picker_ios/ios"
  integration_test:
    :path: ".symlinks/plugins/integration_test/ios"

SPEC CHECKSUMS:
  Flutter: e0871f40cf51350855a761d2e70bf5af5b9b5de7
  get_photos_from_device: 3a2be21a53d165fe483b1720353f7301ea89d3aa
  image_picker_ios: 99dfe1854b4fa34d0364e74a78448a0151025425
  integration_test: 13825b8a9334a850581300559b8839134b124670

PODFILE CHECKSUM: 819463e6a0290f5a72f145ba7cde16e8b6ef0796

COCOAPODS: 1.15.0
